<?xml version="1.0" encoding="utf-8"?>
<Project ToolsVersion="Current" xmlns="http://schemas.microsoft.com/developer/msbuild/2003">
  <ItemGroup>
    <ClCompile Include="..\..\src\input\common.c">
      <Filter>src\input</Filter>
    </ClCompile>
    <ClCompile Include="..\..\src\output\common.c">
      <Filter>src\output</Filter>
    </ClCompile>
    <ClCompile Include="..\..\src\cava.c">
      <Filter>src</Filter>
    </ClCompile>
    <ClCompile Include="..\..\src\cavacore.c">
      <Filter>src</Filter>
    </ClCompile>
    <ClCompile Include="..\..\src\common.c">
      <Filter>src</Filter>
    </ClCompile>
    <ClCompile Include="..\..\src\config.c">
      <Filter>src</Filter>
    </ClCompile>
    <ClCompile Include="..\..\src\output\noritake.c">
      <Filter>src\output</Filter>
    </ClCompile>
    <ClCompile Include="..\..\src\output\raw.c">
      <Filter>src\output</Filter>
    </ClCompile>
    <ClCompile Include="..\..\src\output\sdl_cava.c">
      <Filter>src\output</Filter>
    </ClCompile>
    <ClCompile Include="..\..\src\output\sdl_glsl.c">
      <Filter>src\output</Filter>
    </ClCompile>
    <ClCompile Include="..\..\src\output\terminal_noncurses.c">
      <Filter>src\output</Filter>
    </ClCompile>
    <ClCompile Include="..\..\src\input\winscap.c">
      <Filter>src\input</Filter>
    </ClCompile>
  </ItemGroup>
  <ItemGroup>
    <ResourceCompile Include="cava.rc" />
  </ItemGroup>
  <ItemGroup>
    <None Include="packages.config" />
  </ItemGroup>
  <ItemGroup>
    <Filter Include="src">
      <UniqueIdentifier>{a976d2ab-2c9e-4f26-8c6d-d52790bef3ed}</UniqueIdentifier>
    </Filter>
    <Filter Include="include">
      <UniqueIdentifier>{79730eb3-1d63-45b9-b20c-e12f97911dbd}</UniqueIdentifier>
    </Filter>
    <Filter Include="src\input">
      <UniqueIdentifier>{f7fb18cc-07b3-4824-8904-90f060132cec}</UniqueIdentifier>
    </Filter>
    <Filter Include="src\output">
      <UniqueIdentifier>{f73573f4-86e3-4971-9e22-33665d29d00c}</UniqueIdentifier>
    </Filter>
    <Filter Include="include\cava">
      <UniqueIdentifier>{8569cd77-5b7a-4a58-8923-ac3fc1b685a5}</UniqueIdentifier>
    </Filter>
    <Filter Include="include\cava\input">
      <UniqueIdentifier>{058bcf00-0743-42d0-911d-d306335b655b}</UniqueIdentifier>
    </Filter>
    <Filter Include="include\cava\output">
      <UniqueIdentifier>{60ca4bb1-bed1-46e0-b488-6160e8c5a155}</UniqueIdentifier>
    </Filter>
  </ItemGroup>
  <ItemGroup>
    <ClInclude Include="..\..\include\cava\cavacore.h">
      <Filter>include\cava</Filter>
    </ClInclude>
    <ClInclude Include="..\..\include\cava\config.h">
      <Filter>include\cava</Filter>
    </ClInclude>
    <ClInclude Include="..\..\include\cava\util.h">
      <Filter>include\cava</Filter>
    </ClInclude>
    <ClInclude Include="..\..\include\cava\common.h">
      <Filter>include\cava</Filter>
    </ClInclude>
    <ClInclude Include="..\..\include\cava\debug.h">
      <Filter>include\cava</Filter>
    </ClInclude>
    <ClInclude Include="..\..\include\cava\input\common.h">
      <Filter>include\cava\input</Filter>
    </ClInclude>
    <ClInclude Include="..\..\include\cava\input\winscap.h">
      <Filter>include\cava\input</Filter>
    </ClInclude>
    <ClInclude Include="..\..\include\cava\output\common.h">
      <Filter>include\cava\output</Filter>
    </ClInclude>
    <ClInclude Include="..\..\include\cava\output\noritake.h">
      <Filter>include\cava\output</Filter>
    </ClInclude>
    <ClInclude Include="..\..\include\cava\output\raw.h">
      <Filter>include\cava\output</Filter>
    </ClInclude>
    <ClInclude Include="..\..\include\cava\output\sdl_glsl.h">
      <Filter>include\cava\output</Filter>
    </ClInclude>
    <ClInclude Include="..\..\include\cava\output\terminal_noncurses.h">
      <Filter>include\cava\output</Filter>
    </ClInclude>
    <ClInclude Include="..\..\include\cava\output\sdl_cava.h">
      <Filter>include\cava\output</Filter>
    </ClInclude>
  </ItemGroup>
</Project>
